
Microsoft Visual Studio Solution File, Format Version 12.00
# Visual Studio Version 17
VisualStudioVersion = 17.9.34701.34
MinimumVisualStudioVersion = 10.0.40219.1
Project("{FAE04EC0-301F-11D3-BF4B-00C04F79EFBC}") = "simplexMethod", "simplexMethod\simplexMethod.csproj", "{6F230278-AF81-4A82-996F-2238A7B7BC9D}"
EndProject
Global
	GlobalSection(SolutionConfigurationPlatforms) = preSolution
		Debug|Any CPU = Debug|Any CPU
		Release|Any CPU = Release|Any CPU
	EndGlobalSection
	GlobalSection(ProjectConfigurationPlatforms) = postSolution
		{6F230278-AF81-4A82-996F-2238A7B7BC9D}.Debug|Any CPU.ActiveCfg = Debug|Any CPU
		{6F230278-AF81-4A82-996F-2238A7B7BC9D}.Debug|Any CPU.Build.0 = Debug|Any CPU
		{6F230278-AF81-4A82-996F-2238A7B7BC9D}.Release|Any CPU.ActiveCfg = Release|Any CPU
		{6F230278-AF81-4A82-996F-2238A7B7BC9D}.Release|Any CPU.Build.0 = Release|Any CPU
	EndGlobalSection
	GlobalSection(SolutionProperties) = preSolution
		HideSolutionNode = FALSE
	EndGlobalSection
	GlobalSection(ExtensibilityGlobals) = postSolution
		SolutionGuid = {A7B75F3D-DAE4-4676-A3FE-DABDCE65A619}
	EndGlobalSection
EndGlobal
